
Microsoft Visual Studio Solution File, Format Version 12.00
# Visual Studio Version 17
VisualStudioVersion = 17.0.31521.260
MinimumVisualStudioVersion = 10.0.40219.1
Project("{9A19103F-16F7-4668-BE54-9A1E7A4F7556}") = "Hello-api", "Hello-api\Hello-api.csproj", "{223ACB49-A7B1-4977-9132-0E27CFB816A9}"
EndProject
Project("{FAE04EC0-301F-11D3-BF4B-00C04F79EFBC}") = "API", "API\API.csproj", "{57050955-0896-4F54-8BDD-178AC248530A}"
EndProject
Global
	GlobalSection(SolutionConfigurationPlatforms) = preSolution
		Debug|Any CPU = Debug|Any CPU
		Release|Any CPU = Release|Any CPU
	EndGlobalSection
	GlobalSection(ProjectConfigurationPlatforms) = postSolution
		{223ACB49-A7B1-4977-9132-0E27CFB816A9}.Debug|Any CPU.ActiveCfg = Debug|Any CPU
		{223ACB49-A7B1-4977-9132-0E27CFB816A9}.Debug|Any CPU.Build.0 = Debug|Any CPU
		{223ACB49-A7B1-4977-9132-0E27CFB816A9}.Release|Any CPU.ActiveCfg = Release|Any CPU
		{223ACB49-A7B1-4977-9132-0E27CFB816A9}.Release|Any CPU.Build.0 = Release|Any CPU
		{57050955-0896-4F54-8BDD-178AC248530A}.Debug|Any CPU.ActiveCfg = Debug|Any CPU
		{57050955-0896-4F54-8BDD-178AC248530A}.Debug|Any CPU.Build.0 = Debug|Any CPU
		{57050955-0896-4F54-8BDD-178AC248530A}.Release|Any CPU.ActiveCfg = Release|Any CPU
		{57050955-0896-4F54-8BDD-178AC248530A}.Release|Any CPU.Build.0 = Release|Any CPU
	EndGlobalSection
	GlobalSection(SolutionProperties) = preSolution
		HideSolutionNode = FALSE
	EndGlobalSection
	GlobalSection(ExtensibilityGlobals) = postSolution
		SolutionGuid = {1699F718-9BF6-40EC-A2CB-C0F715CFA4B1}
	EndGlobalSection
EndGlobal
